
Microsoft Visual Studio Solution File, Format Version 12.00
# Visual Studio Version 17
VisualStudioVersion = 17.9.34622.214
MinimumVisualStudioVersion = 10.0.40219.1
Project("{FAE04EC0-301F-11D3-BF4B-00C04F79EFBC}") = "Dockerdemo", "Dockerdemo\Dockerdemo.csproj", "{07525D71-941F-4479-8337-74D27B759440}"
EndProject
Global
	GlobalSection(SolutionConfigurationPlatforms) = preSolution
		Debug|Any CPU = Debug|Any CPU
		Release|Any CPU = Release|Any CPU
	EndGlobalSection
	GlobalSection(ProjectConfigurationPlatforms) = postSolution
		{07525D71-941F-4479-8337-74D27B759440}.Debug|Any CPU.ActiveCfg = Debug|Any CPU
		{07525D71-941F-4479-8337-74D27B759440}.Debug|Any CPU.Build.0 = Debug|Any CPU
		{07525D71-941F-4479-8337-74D27B759440}.Release|Any CPU.ActiveCfg = Release|Any CPU
		{07525D71-941F-4479-8337-74D27B759440}.Release|Any CPU.Build.0 = Release|Any CPU
	EndGlobalSection
	GlobalSection(SolutionProperties) = preSolution
		HideSolutionNode = FALSE
	EndGlobalSection
	GlobalSection(ExtensibilityGlobals) = postSolution
		SolutionGuid = {EF8B7C10-575F-42D1-B3FC-DAFF8EEE39B2}
	EndGlobalSection
EndGlobal
